// !$*UTF8*$!
{
	archiveVersion = 1;
	classes = {
	};
	objectVersion = 46;
	objects = {

/* Begin PBXBuildFile section */
		9816772717FCB47900BFE87F /* PlaylistAPI.m in Sources */ = {isa = PBXBuildFile; fileRef = 9816772617FCB47900BFE87F /* PlaylistAPI.m */; };
		98167A0F17FD01F000BFE87F /* CFNetwork.framework in Frameworks */ = {isa = PBXBuildFile; fileRef = 98167A0B17FD01F000BFE87F /* CFNetwork.framework */; };
		98167A1017FD01F000BFE87F /* CoreData.framework in Frameworks */ = {isa = PBXBuildFile; fileRef = 98167A0C17FD01F000BFE87F /* CoreData.framework */; };
		98167A1117FD01F000BFE87F /* MobileCoreServices.framework in Frameworks */ = {isa = PBXBuildFile; fileRef = 98167A0D17FD01F000BFE87F /* MobileCoreServices.framework */; };
		98167A1217FD01F000BFE87F /* SystemConfiguration.framework in Frameworks */ = {isa = PBXBuildFile; fileRef = 98167A0E17FD01F000BFE87F /* SystemConfiguration.framework */; };
		982ACCF51800E3DE00E02407 /* settings.plist in Resources */ = {isa = PBXBuildFile; fileRef = 982ACCF41800E3DE00E02407 /* settings.plist */; };
		982ACCF81800E57A00E02407 /* Settings.m in Sources */ = {isa = PBXBuildFile; fileRef = 982ACCF71800E57A00E02407 /* Settings.m */; };
		9892F31117FF315100390BC9 /* MNet.m in Sources */ = {isa = PBXBuildFile; fileRef = 9892F31017FF315100390BC9 /* MNet.m */; };
		9892F31217FF36B600390BC9 /* MediaNet.m in Sources */ = {isa = PBXBuildFile; fileRef = 9898BC6C17FBB8A10052495C /* MediaNet.m */; };
		9898BC2E17FB69D40052495C /* Foundation.framework in Frameworks */ = {isa = PBXBuildFile; fileRef = 9898BC2D17FB69D40052495C /* Foundation.framework */; };
		9898BC3017FB69D40052495C /* CoreGraphics.framework in Frameworks */ = {isa = PBXBuildFile; fileRef = 9898BC2F17FB69D40052495C /* CoreGraphics.framework */; };
		9898BC3217FB69D40052495C /* UIKit.framework in Frameworks */ = {isa = PBXBuildFile; fileRef = 9898BC3117FB69D40052495C /* UIKit.framework */; };
		9898BC3817FB69D40052495C /* InfoPlist.strings in Resources */ = {isa = PBXBuildFile; fileRef = 9898BC3617FB69D40052495C /* InfoPlist.strings */; };
		9898BC3A17FB69D40052495C /* main.m in Sources */ = {isa = PBXBuildFile; fileRef = 9898BC3917FB69D40052495C /* main.m */; };
		9898BC3E17FB69D40052495C /* AppDelegate.m in Sources */ = {isa = PBXBuildFile; fileRef = 9898BC3D17FB69D40052495C /* AppDelegate.m */; };
		9898BC4117FB69D40052495C /* Main_iPhone.storyboard in Resources */ = {isa = PBXBuildFile; fileRef = 9898BC3F17FB69D40052495C /* Main_iPhone.storyboard */; };
		9898BC4417FB69D40052495C /* Main_iPad.storyboard in Resources */ = {isa = PBXBuildFile; fileRef = 9898BC4217FB69D40052495C /* Main_iPad.storyboard */; };
		9898BC4717FB69D40052495C /* MasterViewController.m in Sources */ = {isa = PBXBuildFile; fileRef = 9898BC4617FB69D40052495C /* MasterViewController.m */; };
		9898BC4C17FB69D40052495C /* Images.xcassets in Resources */ = {isa = PBXBuildFile; fileRef = 9898BC4B17FB69D40052495C /* Images.xcassets */; };
		9898BC5317FB69D50052495C /* XCTest.framework in Frameworks */ = {isa = PBXBuildFile; fileRef = 9898BC5217FB69D50052495C /* XCTest.framework */; };
		9898BC5417FB69D50052495C /* Foundation.framework in Frameworks */ = {isa = PBXBuildFile; fileRef = 9898BC2D17FB69D40052495C /* Foundation.framework */; };
		9898BC5517FB69D50052495C /* UIKit.framework in Frameworks */ = {isa = PBXBuildFile; fileRef = 9898BC3117FB69D40052495C /* UIKit.framework */; };
		9898BC5D17FB69D50052495C /* InfoPlist.strings in Resources */ = {isa = PBXBuildFile; fileRef = 9898BC5B17FB69D50052495C /* InfoPlist.strings */; };
		9898BC5F17FB69D50052495C /* PlaylistTests.m in Sources */ = {isa = PBXBuildFile; fileRef = 9898BC5E17FB69D50052495C /* PlaylistTests.m */; };
		9898BC7017FC49D70052495C /* Song.m in Sources */ = {isa = PBXBuildFile; fileRef = 9898BC6F17FC49D70052495C /* Song.m */; };
		9898BC7317FC4A7E0052495C /* Playlist.m in Sources */ = {isa = PBXBuildFile; fileRef = 9898BC7217FC4A7E0052495C /* Playlist.m */; };
		9898BC7617FC624C0052495C /* SearchViewController.m in Sources */ = {isa = PBXBuildFile; fileRef = 9898BC7517FC624C0052495C /* SearchViewController.m */; };
		9898BC7917FC63690052495C /* ResultViewController.m in Sources */ = {isa = PBXBuildFile; fileRef = 9898BC7817FC63690052495C /* ResultViewController.m */; };
		9898BC7C17FC73A70052495C /* DetailViewController.m in Sources */ = {isa = PBXBuildFile; fileRef = 9898BC7B17FC73A70052495C /* DetailViewController.m */; };
		9F285344F9CE49D4AAF3EB5B /* libPods.a in Frameworks */ = {isa = PBXBuildFile; fileRef = 48485D500D8245DD9F1EE517 /* libPods.a */; };
/* End PBXBuildFile section */

/* Begin PBXContainerItemProxy section */
		9898BC5617FB69D50052495C /* PBXContainerItemProxy */ = {
			isa = PBXContainerItemProxy;
			containerPortal = 9898BC2217FB69D40052495C /* Project object */;
			proxyType = 1;
			remoteGlobalIDString = 9898BC2917FB69D40052495C;
			remoteInfo = Playlist;
		};
/* End PBXContainerItemProxy section */

/* Begin PBXFileReference section */
		48485D500D8245DD9F1EE517 /* libPods.a */ = {isa = PBXFileReference; explicitFileType = archive.ar; includeInIndex = 0; path = libPods.a; sourceTree = BUILT_PRODUCTS_DIR; };
		510EE22453CB4E54A3E2C305 /* Pods.xcconfig */ = {isa = PBXFileReference; includeInIndex = 1; lastKnownFileType = text.xcconfig; name = Pods.xcconfig; path = Pods/Pods.xcconfig; sourceTree = "<group>"; };
		9816772517FCB47900BFE87F /* PlaylistAPI.h */ = {isa = PBXFileReference; fileEncoding = 4; lastKnownFileType = sourcecode.c.h; path = PlaylistAPI.h; sourceTree = "<group>"; };
		9816772617FCB47900BFE87F /* PlaylistAPI.m */ = {isa = PBXFileReference; fileEncoding = 4; lastKnownFileType = sourcecode.c.objc; path = PlaylistAPI.m; sourceTree = "<group>"; };
		98167A0B17FD01F000BFE87F /* CFNetwork.framework */ = {isa = PBXFileReference; lastKnownFileType = wrapper.framework; name = CFNetwork.framework; path = System/Library/Frameworks/CFNetwork.framework; sourceTree = SDKROOT; };
		98167A0C17FD01F000BFE87F /* CoreData.framework */ = {isa = PBXFileReference; lastKnownFileType = wrapper.framework; name = CoreData.framework; path = System/Library/Frameworks/CoreData.framework; sourceTree = SDKROOT; };
		98167A0D17FD01F000BFE87F /* MobileCoreServices.framework */ = {isa = PBXFileReference; lastKnownFileType = wrapper.framework; name = MobileCoreServices.framework; path = System/Library/Frameworks/MobileCoreServices.framework; sourceTree = SDKROOT; };
		98167A0E17FD01F000BFE87F /* SystemConfiguration.framework */ = {isa = PBXFileReference; lastKnownFileType = wrapper.framework; name = SystemConfiguration.framework; path = System/Library/Frameworks/SystemConfiguration.framework; sourceTree = SDKROOT; };
		982ACCF41800E3DE00E02407 /* settings.plist */ = {isa = PBXFileReference; fileEncoding = 4; lastKnownFileType = text.plist.xml; path = settings.plist; sourceTree = "<group>"; };
		982ACCF61800E57A00E02407 /* Settings.h */ = {isa = PBXFileReference; fileEncoding = 4; lastKnownFileType = sourcecode.c.h; path = Settings.h; sourceTree = "<group>"; };
		982ACCF71800E57A00E02407 /* Settings.m */ = {isa = PBXFileReference; fileEncoding = 4; lastKnownFileType = sourcecode.c.objc; path = Settings.m; sourceTree = "<group>"; };
		9892F30F17FF315100390BC9 /* MNet.h */ = {isa = PBXFileReference; fileEncoding = 4; lastKnownFileType = sourcecode.c.h; path = MNet.h; sourceTree = "<group>"; };
		9892F31017FF315100390BC9 /* MNet.m */ = {isa = PBXFileReference; fileEncoding = 4; lastKnownFileType = sourcecode.c.objc; path = MNet.m; sourceTree = "<group>"; };
		9898BC2A17FB69D40052495C /* Playlist.app */ = {isa = PBXFileReference; explicitFileType = wrapper.application; includeInIndex = 0; path = Playlist.app; sourceTree = BUILT_PRODUCTS_DIR; };
		9898BC2D17FB69D40052495C /* Foundation.framework */ = {isa = PBXFileReference; lastKnownFileType = wrapper.framework; name = Foundation.framework; path = System/Library/Frameworks/Foundation.framework; sourceTree = SDKROOT; };
		9898BC2F17FB69D40052495C /* CoreGraphics.framework */ = {isa = PBXFileReference; lastKnownFileType = wrapper.framework; name = CoreGraphics.framework; path = System/Library/Frameworks/CoreGraphics.framework; sourceTree = SDKROOT; };
		9898BC3117FB69D40052495C /* UIKit.framework */ = {isa = PBXFileReference; lastKnownFileType = wrapper.framework; name = UIKit.framework; path = System/Library/Frameworks/UIKit.framework; sourceTree = SDKROOT; };
		9898BC3517FB69D40052495C /* Playlist-Info.plist */ = {isa = PBXFileReference; lastKnownFileType = text.plist.xml; path = "Playlist-Info.plist"; sourceTree = "<group>"; };
		9898BC3717FB69D40052495C /* en */ = {isa = PBXFileReference; lastKnownFileType = text.plist.strings; name = en; path = en.lproj/InfoPlist.strings; sourceTree = "<group>"; };
		9898BC3917FB69D40052495C /* main.m */ = {isa = PBXFileReference; lastKnownFileType = sourcecode.c.objc; path = main.m; sourceTree = "<group>"; };
		9898BC3B17FB69D40052495C /* Playlist-Prefix.pch */ = {isa = PBXFileReference; lastKnownFileType = sourcecode.c.h; path = "Playlist-Prefix.pch"; sourceTree = "<group>"; };
		9898BC3C17FB69D40052495C /* AppDelegate.h */ = {isa = PBXFileReference; lastKnownFileType = sourcecode.c.h; path = AppDelegate.h; sourceTree = "<group>"; };
		9898BC3D17FB69D40052495C /* AppDelegate.m */ = {isa = PBXFileReference; lastKnownFileType = sourcecode.c.objc; path = AppDelegate.m; sourceTree = "<group>"; };
		9898BC4017FB69D40052495C /* Base */ = {isa = PBXFileReference; lastKnownFileType = file.storyboard; name = Base; path = Base.lproj/Main_iPhone.storyboard; sourceTree = "<group>"; };
		9898BC4317FB69D40052495C /* Base */ = {isa = PBXFileReference; lastKnownFileType = file.storyboard; name = Base; path = Base.lproj/Main_iPad.storyboard; sourceTree = "<group>"; };
		9898BC4517FB69D40052495C /* MasterViewController.h */ = {isa = PBXFileReference; lastKnownFileType = sourcecode.c.h; path = MasterViewController.h; sourceTree = "<group>"; };
		9898BC4617FB69D40052495C /* MasterViewController.m */ = {isa = PBXFileReference; lastKnownFileType = sourcecode.c.objc; path = MasterViewController.m; sourceTree = "<group>"; };
		9898BC4B17FB69D40052495C /* Images.xcassets */ = {isa = PBXFileReference; lastKnownFileType = folder.assetcatalog; path = Images.xcassets; sourceTree = "<group>"; };
		9898BC5117FB69D50052495C /* PlaylistTests.xctest */ = {isa = PBXFileReference; explicitFileType = wrapper.cfbundle; includeInIndex = 0; path = PlaylistTests.xctest; sourceTree = BUILT_PRODUCTS_DIR; };
		9898BC5217FB69D50052495C /* XCTest.framework */ = {isa = PBXFileReference; lastKnownFileType = wrapper.framework; name = XCTest.framework; path = Library/Frameworks/XCTest.framework; sourceTree = DEVELOPER_DIR; };
		9898BC5A17FB69D50052495C /* PlaylistTests-Info.plist */ = {isa = PBXFileReference; lastKnownFileType = text.plist.xml; path = "PlaylistTests-Info.plist"; sourceTree = "<group>"; };
		9898BC5C17FB69D50052495C /* en */ = {isa = PBXFileReference; lastKnownFileType = text.plist.strings; name = en; path = en.lproj/InfoPlist.strings; sourceTree = "<group>"; };
		9898BC5E17FB69D50052495C /* PlaylistTests.m */ = {isa = PBXFileReference; lastKnownFileType = sourcecode.c.objc; path = PlaylistTests.m; sourceTree = "<group>"; };
		9898BC6B17FBB8A10052495C /* MediaNet.h */ = {isa = PBXFileReference; fileEncoding = 4; lastKnownFileType = sourcecode.c.h; path = MediaNet.h; sourceTree = "<group>"; };
		9898BC6C17FBB8A10052495C /* MediaNet.m */ = {isa = PBXFileReference; fileEncoding = 4; lastKnownFileType = sourcecode.c.objc; path = MediaNet.m; sourceTree = "<group>"; };
		9898BC6E17FC49D70052495C /* Song.h */ = {isa = PBXFileReference; fileEncoding = 4; lastKnownFileType = sourcecode.c.h; path = Song.h; sourceTree = "<group>"; };
		9898BC6F17FC49D70052495C /* Song.m */ = {isa = PBXFileReference; fileEncoding = 4; lastKnownFileType = sourcecode.c.objc; path = Song.m; sourceTree = "<group>"; };
		9898BC7117FC4A7E0052495C /* Playlist.h */ = {isa = PBXFileReference; fileEncoding = 4; lastKnownFileType = sourcecode.c.h; path = Playlist.h; sourceTree = "<group>"; };
		9898BC7217FC4A7E0052495C /* Playlist.m */ = {isa = PBXFileReference; fileEncoding = 4; lastKnownFileType = sourcecode.c.objc; path = Playlist.m; sourceTree = "<group>"; };
		9898BC7417FC624C0052495C /* SearchViewController.h */ = {isa = PBXFileReference; fileEncoding = 4; lastKnownFileType = sourcecode.c.h; path = SearchViewController.h; sourceTree = "<group>"; };
		9898BC7517FC624C0052495C /* SearchViewController.m */ = {isa = PBXFileReference; fileEncoding = 4; lastKnownFileType = sourcecode.c.objc; path = SearchViewController.m; sourceTree = "<group>"; };
		9898BC7717FC63690052495C /* ResultViewController.h */ = {isa = PBXFileReference; fileEncoding = 4; lastKnownFileType = sourcecode.c.h; path = ResultViewController.h; sourceTree = "<group>"; };
		9898BC7817FC63690052495C /* ResultViewController.m */ = {isa = PBXFileReference; fileEncoding = 4; lastKnownFileType = sourcecode.c.objc; path = ResultViewController.m; sourceTree = "<group>"; };
		9898BC7A17FC73A70052495C /* DetailViewController.h */ = {isa = PBXFileReference; fileEncoding = 4; lastKnownFileType = sourcecode.c.h; path = DetailViewController.h; sourceTree = "<group>"; };
		9898BC7B17FC73A70052495C /* DetailViewController.m */ = {isa = PBXFileReference; fileEncoding = 4; lastKnownFileType = sourcecode.c.objc; path = DetailViewController.m; sourceTree = "<group>"; };
/* End PBXFileReference section */

/* Begin PBXFrameworksBuildPhase section */
		9898BC2717FB69D40052495C /* Frameworks */ = {
			isa = PBXFrameworksBuildPhase;
			buildActionMask = 2147483647;
			files = (
				98167A0F17FD01F000BFE87F /* CFNetwork.framework in Frameworks */,
				98167A1017FD01F000BFE87F /* CoreData.framework in Frameworks */,
				98167A1117FD01F000BFE87F /* MobileCoreServices.framework in Frameworks */,
				98167A1217FD01F000BFE87F /* SystemConfiguration.framework in Frameworks */,
				9898BC3017FB69D40052495C /* CoreGraphics.framework in Frameworks */,
				9898BC3217FB69D40052495C /* UIKit.framework in Frameworks */,
				9898BC2E17FB69D40052495C /* Foundation.framework in Frameworks */,
				9F285344F9CE49D4AAF3EB5B /* libPods.a in Frameworks */,
			);
			runOnlyForDeploymentPostprocessing = 0;
		};
		9898BC4E17FB69D50052495C /* Frameworks */ = {
			isa = PBXFrameworksBuildPhase;
			buildActionMask = 2147483647;
			files = (
				9898BC5317FB69D50052495C /* XCTest.framework in Frameworks */,
				9898BC5517FB69D50052495C /* UIKit.framework in Frameworks */,
				9898BC5417FB69D50052495C /* Foundation.framework in Frameworks */,
			);
			runOnlyForDeploymentPostprocessing = 0;
		};
/* End PBXFrameworksBuildPhase section */

/* Begin PBXGroup section */
		9898BC2117FB69D40052495C = {
			isa = PBXGroup;
			children = (
				9898BC3317FB69D40052495C /* Playlist */,
				9898BC5817FB69D50052495C /* PlaylistTests */,
				9898BC2C17FB69D40052495C /* Frameworks */,
				9898BC2B17FB69D40052495C /* Products */,
				510EE22453CB4E54A3E2C305 /* Pods.xcconfig */,
			);
			sourceTree = "<group>";
		};
		9898BC2B17FB69D40052495C /* Products */ = {
			isa = PBXGroup;
			children = (
				9898BC2A17FB69D40052495C /* Playlist.app */,
				9898BC5117FB69D50052495C /* PlaylistTests.xctest */,
			);
			name = Products;
			sourceTree = "<group>";
		};
		9898BC2C17FB69D40052495C /* Frameworks */ = {
			isa = PBXGroup;
			children = (
				98167A0B17FD01F000BFE87F /* CFNetwork.framework */,
				98167A0C17FD01F000BFE87F /* CoreData.framework */,
				98167A0D17FD01F000BFE87F /* MobileCoreServices.framework */,
				98167A0E17FD01F000BFE87F /* SystemConfiguration.framework */,
				9898BC2D17FB69D40052495C /* Foundation.framework */,
				9898BC2F17FB69D40052495C /* CoreGraphics.framework */,
				9898BC3117FB69D40052495C /* UIKit.framework */,
				9898BC5217FB69D50052495C /* XCTest.framework */,
				48485D500D8245DD9F1EE517 /* libPods.a */,
			);
			name = Frameworks;
			sourceTree = "<group>";
		};
		9898BC3317FB69D40052495C /* Playlist */ = {
			isa = PBXGroup;
			children = (
				9898BC6E17FC49D70052495C /* Song.h */,
				9898BC6F17FC49D70052495C /* Song.m */,
				9898BC7117FC4A7E0052495C /* Playlist.h */,
				9898BC7217FC4A7E0052495C /* Playlist.m */,
				9892F30F17FF315100390BC9 /* MNet.h */,
				9892F31017FF315100390BC9 /* MNet.m */,
				9898BC6B17FBB8A10052495C /* MediaNet.h */,
				9898BC6C17FBB8A10052495C /* MediaNet.m */,
				9816772517FCB47900BFE87F /* PlaylistAPI.h */,
				9816772617FCB47900BFE87F /* PlaylistAPI.m */,
				9898BC4217FB69D40052495C /* Main_iPad.storyboard */,
				9898BC3F17FB69D40052495C /* Main_iPhone.storyboard */,
				9898BC4517FB69D40052495C /* MasterViewController.h */,
				9898BC4617FB69D40052495C /* MasterViewController.m */,
				9898BC7A17FC73A70052495C /* DetailViewController.h */,
				9898BC7B17FC73A70052495C /* DetailViewController.m */,
				9898BC7417FC624C0052495C /* SearchViewController.h */,
				9898BC7517FC624C0052495C /* SearchViewController.m */,
				9898BC7717FC63690052495C /* ResultViewController.h */,
				9898BC7817FC63690052495C /* ResultViewController.m */,
				9898BC3C17FB69D40052495C /* AppDelegate.h */,
				9898BC3D17FB69D40052495C /* AppDelegate.m */,
				982ACCF61800E57A00E02407 /* Settings.h */,
				982ACCF71800E57A00E02407 /* Settings.m */,
				982ACCF41800E3DE00E02407 /* settings.plist */,
				9898BC4B17FB69D40052495C /* Images.xcassets */,
				9898BC3417FB69D40052495C /* Supporting Files */,
			);
			path = Playlist;
			sourceTree = "<group>";
		};
		9898BC3417FB69D40052495C /* Supporting Files */ = {
			isa = PBXGroup;
			children = (
				9898BC3517FB69D40052495C /* Playlist-Info.plist */,
				9898BC3617FB69D40052495C /* InfoPlist.strings */,
				9898BC3917FB69D40052495C /* main.m */,
				9898BC3B17FB69D40052495C /* Playlist-Prefix.pch */,
			);
			name = "Supporting Files";
			sourceTree = "<group>";
		};
		9898BC5817FB69D50052495C /* PlaylistTests */ = {
			isa = PBXGroup;
			children = (
				9898BC5E17FB69D50052495C /* PlaylistTests.m */,
				9898BC5917FB69D50052495C /* Supporting Files */,
			);
			path = PlaylistTests;
			sourceTree = "<group>";
		};
		9898BC5917FB69D50052495C /* Supporting Files */ = {
			isa = PBXGroup;
			children = (
				9898BC5A17FB69D50052495C /* PlaylistTests-Info.plist */,
				9898BC5B17FB69D50052495C /* InfoPlist.strings */,
			);
			name = "Supporting Files";
			sourceTree = "<group>";
		};
/* End PBXGroup section */

/* Begin PBXNativeTarget section */
		9898BC2917FB69D40052495C /* Playlist */ = {
			isa = PBXNativeTarget;
			buildConfigurationList = 9898BC6217FB69D50052495C /* Build configuration list for PBXNativeTarget "Playlist" */;
			buildPhases = (
				4A98E07593EB465BBFAC9D1F /* Check Pods Manifest.lock */,
				9898BC2617FB69D40052495C /* Sources */,
				9898BC2717FB69D40052495C /* Frameworks */,
				9898BC2817FB69D40052495C /* Resources */,
				83F8307CB1A649A491EDB637 /* Copy Pods Resources */,
			);
			buildRules = (
			);
			dependencies = (
			);
			name = Playlist;
			productName = Playlist;
			productReference = 9898BC2A17FB69D40052495C /* Playlist.app */;
			productType = "com.apple.product-type.application";
		};
		9898BC5017FB69D50052495C /* PlaylistTests */ = {
			isa = PBXNativeTarget;
			buildConfigurationList = 9898BC6517FB69D50052495C /* Build configuration list for PBXNativeTarget "PlaylistTests" */;
			buildPhases = (
				9898BC4D17FB69D50052495C /* Sources */,
				9898BC4E17FB69D50052495C /* Frameworks */,
				9898BC4F17FB69D50052495C /* Resources */,
			);
			buildRules = (
			);
			dependencies = (
				9898BC5717FB69D50052495C /* PBXTargetDependency */,
			);
			name = PlaylistTests;
			productName = PlaylistTests;
			productReference = 9898BC5117FB69D50052495C /* PlaylistTests.xctest */;
			productType = "com.apple.product-type.bundle.unit-test";
		};
/* End PBXNativeTarget section */

/* Begin PBXProject section */
		9898BC2217FB69D40052495C /* Project object */ = {
			isa = PBXProject;
			attributes = {
				LastUpgradeCheck = 0500;
				ORGANIZATIONNAME = "Ames Bielenberg";
				TargetAttributes = {
					9898BC5017FB69D50052495C = {
						TestTargetID = 9898BC2917FB69D40052495C;
					};
				};
			};
			buildConfigurationList = 9898BC2517FB69D40052495C /* Build configuration list for PBXProject "Playlist" */;
			compatibilityVersion = "Xcode 3.2";
			developmentRegion = English;
			hasScannedForEncodings = 0;
			knownRegions = (
				en,
				Base,
			);
			mainGroup = 9898BC2117FB69D40052495C;
			productRefGroup = 9898BC2B17FB69D40052495C /* Products */;
			projectDirPath = "";
			projectRoot = "";
			targets = (
				9898BC2917FB69D40052495C /* Playlist */,
				9898BC5017FB69D50052495C /* PlaylistTests */,
			);
		};
/* End PBXProject section */

/* Begin PBXResourcesBuildPhase section */
		9898BC2817FB69D40052495C /* Resources */ = {
			isa = PBXResourcesBuildPhase;
			buildActionMask = 2147483647;
			files = (
				9898BC4417FB69D40052495C /* Main_iPad.storyboard in Resources */,
				9898BC4C17FB69D40052495C /* Images.xcassets in Resources */,
				9898BC4117FB69D40052495C /* Main_iPhone.storyboard in Resources */,
				9898BC3817FB69D40052495C /* InfoPlist.strings in Resources */,
				982ACCF51800E3DE00E02407 /* settings.plist in Resources */,
			);
			runOnlyForDeploymentPostprocessing = 0;
		};
		9898BC4F17FB69D50052495C /* Resources */ = {
			isa = PBXResourcesBuildPhase;
			buildActionMask = 2147483647;
			files = (
				9898BC5D17FB69D50052495C /* InfoPlist.strings in Resources */,
			);
			runOnlyForDeploymentPostprocessing = 0;
		};
/* End PBXResourcesBuildPhase section */

/* Begin PBXShellScriptBuildPhase section */
		4A98E07593EB465BBFAC9D1F /* Check Pods Manifest.lock */ = {
			isa = PBXShellScriptBuildPhase;
			buildActionMask = 2147483647;
			files = (
			);
			inputPaths = (
			);
			name = "Check Pods Manifest.lock";
			outputPaths = (
			);
			runOnlyForDeploymentPostprocessing = 0;
			shellPath = /bin/sh;
			shellScript = "diff \"${PODS_ROOT}/../Podfile.lock\" \"${PODS_ROOT}/Manifest.lock\" > /dev/null\nif [[ $? != 0 ]] ; then\n    cat << EOM\nerror: The sandbox is not in sync with the Podfile.lock. Run 'pod install' or update your CocoaPods installation.\nEOM\n    exit 1\nfi\n";
			showEnvVarsInLog = 0;
		};
		83F8307CB1A649A491EDB637 /* Copy Pods Resources */ = {
			isa = PBXShellScriptBuildPhase;
			buildActionMask = 2147483647;
			files = (
			);
			inputPaths = (
			);
			name = "Copy Pods Resources";
			outputPaths = (
			);
			runOnlyForDeploymentPostprocessing = 0;
			shellPath = /bin/sh;
			shellScript = "\"${SRCROOT}/Pods/Pods-resources.sh\"\n";
			showEnvVarsInLog = 0;
		};
/* End PBXShellScriptBuildPhase section */

/* Begin PBXSourcesBuildPhase section */
		9898BC2617FB69D40052495C /* Sources */ = {
			isa = PBXSourcesBuildPhase;
			buildActionMask = 2147483647;
			files = (
				9898BC7017FC49D70052495C /* Song.m in Sources */,
				9898BC3E17FB69D40052495C /* AppDelegate.m in Sources */,
				982ACCF81800E57A00E02407 /* Settings.m in Sources */,
				9898BC7917FC63690052495C /* ResultViewController.m in Sources */,
				9898BC7C17FC73A70052495C /* DetailViewController.m in Sources */,
				9892F31117FF315100390BC9 /* MNet.m in Sources */,
				9898BC7617FC624C0052495C /* SearchViewController.m in Sources */,
				9898BC4717FB69D40052495C /* MasterViewController.m in Sources */,
				9898BC3A17FB69D40052495C /* main.m in Sources */,
				9816772717FCB47900BFE87F /* PlaylistAPI.m in Sources */,
				9892F31217FF36B600390BC9 /* MediaNet.m in Sources */,
				9898BC7317FC4A7E0052495C /* Playlist.m in Sources */,
			);
			runOnlyForDeploymentPostprocessing = 0;
		};
		9898BC4D17FB69D50052495C /* Sources */ = {
			isa = PBXSourcesBuildPhase;
			buildActionMask = 2147483647;
			files = (
				9898BC5F17FB69D50052495C /* PlaylistTests.m in Sources */,
			);
			runOnlyForDeploymentPostprocessing = 0;
		};
/* End PBXSourcesBuildPhase section */

/* Begin PBXTargetDependency section */
		9898BC5717FB69D50052495C /* PBXTargetDependency */ = {
			isa = PBXTargetDependency;
			target = 9898BC2917FB69D40052495C /* Playlist */;
			targetProxy = 9898BC5617FB69D50052495C /* PBXContainerItemProxy */;
		};
/* End PBXTargetDependency section */

/* Begin PBXVariantGroup section */
		9898BC3617FB69D40052495C /* InfoPlist.strings */ = {
			isa = PBXVariantGroup;
			children = (
				9898BC3717FB69D40052495C /* en */,
			);
			name = InfoPlist.strings;
			sourceTree = "<group>";
		};
		9898BC3F17FB69D40052495C /* Main_iPhone.storyboard */ = {
			isa = PBXVariantGroup;
			children = (
				9898BC4017FB69D40052495C /* Base */,
			);
			name = Main_iPhone.storyboard;
			sourceTree = "<group>";
		};
		9898BC4217FB69D40052495C /* Main_iPad.storyboard */ = {
			isa = PBXVariantGroup;
			children = (
				9898BC4317FB69D40052495C /* Base */,
			);
			name = Main_iPad.storyboard;
			sourceTree = "<group>";
		};
		9898BC5B17FB69D50052495C /* InfoPlist.strings */ = {
			isa = PBXVariantGroup;
			children = (
				9898BC5C17FB69D50052495C /* en */,
			);
			name = InfoPlist.strings;
			sourceTree = "<group>";
		};
/* End PBXVariantGroup section */

/* Begin XCBuildConfiguration section */
		9898BC6017FB69D50052495C /* Debug */ = {
			isa = XCBuildConfiguration;
			buildSettings = {
				ALWAYS_SEARCH_USER_PATHS = NO;
				ARCHS = "$(ARCHS_STANDARD_INCLUDING_64_BIT)";
				CLANG_CXX_LANGUAGE_STANDARD = "gnu++0x";
				CLANG_CXX_LIBRARY = "libc++";
				CLANG_ENABLE_MODULES = YES;
				CLANG_ENABLE_OBJC_ARC = YES;
				CLANG_WARN_BOOL_CONVERSION = YES;
				CLANG_WARN_CONSTANT_CONVERSION = YES;
				CLANG_WARN_DIRECT_OBJC_ISA_USAGE = YES_ERROR;
				CLANG_WARN_EMPTY_BODY = YES;
				CLANG_WARN_ENUM_CONVERSION = YES;
				CLANG_WARN_INT_CONVERSION = YES;
				CLANG_WARN_OBJC_ROOT_CLASS = YES_ERROR;
				CLANG_WARN__DUPLICATE_METHOD_MATCH = YES;
				"CODE_SIGN_IDENTITY[sdk=iphoneos*]" = "iPhone Developer";
				COPY_PHASE_STRIP = NO;
				GCC_C_LANGUAGE_STANDARD = gnu99;
				GCC_DYNAMIC_NO_PIC = NO;
				GCC_OPTIMIZATION_LEVEL = 0;
				GCC_PREPROCESSOR_DEFINITIONS = (
					"DEBUG=1",
					"$(inherited)",
				);
				GCC_SYMBOLS_PRIVATE_EXTERN = NO;
				GCC_WARN_64_TO_32_BIT_CONVERSION = YES;
				GCC_WARN_ABOUT_RETURN_TYPE = YES_ERROR;
				GCC_WARN_UNDECLARED_SELECTOR = YES;
				GCC_WARN_UNINITIALIZED_AUTOS = YES;
				GCC_WARN_UNUSED_FUNCTION = YES;
				GCC_WARN_UNUSED_VARIABLE = YES;
				IPHONEOS_DEPLOYMENT_TARGET = 7.0;
				ONLY_ACTIVE_ARCH = YES;
				SDKROOT = iphoneos;
				TARGETED_DEVICE_FAMILY = "1,2";
			};
			name = Debug;
		};
		9898BC6117FB69D50052495C /* Release */ = {
			isa = XCBuildConfiguration;
			buildSettings = {
				ALWAYS_SEARCH_USER_PATHS = NO;
				ARCHS = "$(ARCHS_STANDARD_INCLUDING_64_BIT)";
				CLANG_CXX_LANGUAGE_STANDARD = "gnu++0x";
				CLANG_CXX_LIBRARY = "libc++";
				CLANG_ENABLE_MODULES = YES;
				CLANG_ENABLE_OBJC_ARC = YES;
				CLANG_WARN_BOOL_CONVERSION = YES;
				CLANG_WARN_CONSTANT_CONVERSION = YES;
				CLANG_WARN_DIRECT_OBJC_ISA_USAGE = YES_ERROR;
				CLANG_WARN_EMPTY_BODY = YES;
				CLANG_WARN_ENUM_CONVERSION = YES;
				CLANG_WARN_INT_CONVERSION = YES;
				CLANG_WARN_OBJC_ROOT_CLASS = YES_ERROR;
				CLANG_WARN__DUPLICATE_METHOD_MATCH = YES;
				"CODE_SIGN_IDENTITY[sdk=iphoneos*]" = "iPhone Developer";
				COPY_PHASE_STRIP = YES;
				ENABLE_NS_ASSERTIONS = NO;
				GCC_C_LANGUAGE_STANDARD = gnu99;
				GCC_WARN_64_TO_32_BIT_CONVERSION = YES;
				GCC_WARN_ABOUT_RETURN_TYPE = YES_ERROR;
				GCC_WARN_UNDECLARED_SELECTOR = YES;
				GCC_WARN_UNINITIALIZED_AUTOS = YES;
				GCC_WARN_UNUSED_FUNCTION = YES;
				GCC_WARN_UNUSED_VARIABLE = YES;
				IPHONEOS_DEPLOYMENT_TARGET = 7.0;
				SDKROOT = iphoneos;
				TARGETED_DEVICE_FAMILY = "1,2";
				VALIDATE_PRODUCT = YES;
			};
			name = Release;
		};
		9898BC6317FB69D50052495C /* Debug */ = {
			isa = XCBuildConfiguration;
			baseConfigurationReference = 510EE22453CB4E54A3E2C305 /* Pods.xcconfig */;
			buildSettings = {
				ARCHS = "$(ARCHS_STANDARD)";
				ASSETCATALOG_COMPILER_APPICON_NAME = AppIcon;
				ASSETCATALOG_COMPILER_LAUNCHIMAGE_NAME = LaunchImage;
				GCC_PRECOMPILE_PREFIX_HEADER = YES;
				GCC_PREFIX_HEADER = "Playlist/Playlist-Prefix.pch";
				INFOPLIST_FILE = "Playlist/Playlist-Info.plist";
				IPHONEOS_DEPLOYMENT_TARGET = 6.0;
				PRODUCT_NAME = "$(TARGET_NAME)";
				WRAPPER_EXTENSION = app;
			};
			name = Debug;
		};
		9898BC6417FB69D50052495C /* Release */ = {
			isa = XCBuildConfiguration;
			baseConfigurationReference = 510EE22453CB4E54A3E2C305 /* Pods.xcconfig */;
			buildSettings = {
				ARCHS = "$(ARCHS_STANDARD)";
				ASSETCATALOG_COMPILER_APPICON_NAME = AppIcon;
				ASSETCATALOG_COMPILER_LAUNCHIMAGE_NAME = LaunchImage;
				GCC_PRECOMPILE_PREFIX_HEADER = YES;
				GCC_PREFIX_HEADER = "Playlist/Playlist-Prefix.pch";
				INFOPLIST_FILE = "Playlist/Playlist-Info.plist";
				IPHONEOS_DEPLOYMENT_TARGET = 6.0;
				PRODUCT_NAME = "$(TARGET_NAME)";
				WRAPPER_EXTENSION = app;
			};
			name = Release;
		};
		9898BC6617FB69D50052495C /* Debug */ = {
			isa = XCBuildConfiguration;
			buildSettings = {
				ARCHS = "$(ARCHS_STANDARD_INCLUDING_64_BIT)";
				BUNDLE_LOADER = "$(BUILT_PRODUCTS_DIR)/Playlist.app/Playlist";
				FRAMEWORK_SEARCH_PATHS = (
					"$(SDKROOT)/Developer/Library/Frameworks",
					"$(inherited)",
					"$(DEVELOPER_FRAMEWORKS_DIR)",
				);
				GCC_PRECOMPILE_PREFIX_HEADER = YES;
				GCC_PREFIX_HEADER = "Playlist/Playlist-Prefix.pch";
				GCC_PREPROCESSOR_DEFINITIONS = (
					"DEBUG=1",
					"$(inherited)",
				);
				INFOPLIST_FILE = "PlaylistTests/PlaylistTests-Info.plist";
				PRODUCT_NAME = "$(TARGET_NAME)";
				TEST_HOST = "$(BUNDLE_LOADER)";
				WRAPPER_EXTENSION = xctest;
			};
			name = Debug;
		};
		9898BC6717FB69D50052495C /* Release */ = {
			isa = XCBuildConfiguration;
			buildSettings = {
				ARCHS = "$(ARCHS_STANDARD_INCLUDING_64_BIT)";
				BUNDLE_LOADER = "$(BUILT_PRODUCTS_DIR)/Playlist.app/Playlist";
				FRAMEWORK_SEARCH_PATHS = (
					"$(SDKROOT)/Developer/Library/Frameworks",
					"$(inherited)",
					"$(DEVELOPER_FRAMEWORKS_DIR)",
				);
				GCC_PRECOMPILE_PREFIX_HEADER = YES;
				GCC_PREFIX_HEADER = "Playlist/Playlist-Prefix.pch";
				INFOPLIST_FILE = "PlaylistTests/PlaylistTests-Info.plist";
				PRODUCT_NAME = "$(TARGET_NAME)";
				TEST_HOST = "$(BUNDLE_LOADER)";
				WRAPPER_EXTENSION = xctest;
			};
			name = Release;
		};
/* End XCBuildConfiguration section */

/* Begin XCConfigurationList section */
		9898BC2517FB69D40052495C /* Build configuration list for PBXProject "Playlist" */ = {
			isa = XCConfigurationList;
			buildConfigurations = (
				9898BC6017FB69D50052495C /* Debug */,
				9898BC6117FB69D50052495C /* Release */,
			);
			defaultConfigurationIsVisible = 0;
			defaultConfigurationName = Release;
		};
		9898BC6217FB69D50052495C /* Build configuration list for PBXNativeTarget "Playlist" */ = {
			isa = XCConfigurationList;
			buildConfigurations = (
				9898BC6317FB69D50052495C /* Debug */,
				9898BC6417FB69D50052495C /* Release */,
			);
			defaultConfigurationIsVisible = 0;
			defaultConfigurationName = Release;
		};
		9898BC6517FB69D50052495C /* Build configuration list for PBXNativeTarget "PlaylistTests" */ = {
			isa = XCConfigurationList;
			buildConfigurations = (
				9898BC6617FB69D50052495C /* Debug */,
				9898BC6717FB69D50052495C /* Release */,
			);
			defaultConfigurationIsVisible = 0;
			defaultConfigurationName = Release;
		};
/* End XCConfigurationList section */
	};
	rootObject = 9898BC2217FB69D40052495C /* Project object */;
}
